
Microsoft Visual Studio Solution File, Format Version 12.00
# Visual Studio Version 17
VisualStudioVersion = 17.6.33801.468
MinimumVisualStudioVersion = 10.0.40219.1
Project("{FAE04EC0-301F-11D3-BF4B-00C04F79EFBC}") = "Games", "Games\Games.csproj", "{279A8415-FE02-449E-90BF-03F749CDB48A}"
EndProject
Project("{FAE04EC0-301F-11D3-BF4B-00C04F79EFBC}") = "Games.Tests", "Games.Tests\Games.Tests.csproj", "{7E359A18-611F-478C-AD5B-95D7056EF9A1}"
EndProject
Global
	GlobalSection(SolutionConfigurationPlatforms) = preSolution
		Debug|Any CPU = Debug|Any CPU
		Release|Any CPU = Release|Any CPU
	EndGlobalSection
	GlobalSection(ProjectConfigurationPlatforms) = postSolution
		{279A8415-FE02-449E-90BF-03F749CDB48A}.Debug|Any CPU.ActiveCfg = Debug|Any CPU
		{279A8415-FE02-449E-90BF-03F749CDB48A}.Debug|Any CPU.Build.0 = Debug|Any CPU
		{279A8415-FE02-449E-90BF-03F749CDB48A}.Release|Any CPU.ActiveCfg = Release|Any CPU
		{279A8415-FE02-449E-90BF-03F749CDB48A}.Release|Any CPU.Build.0 = Release|Any CPU
		{7E359A18-611F-478C-AD5B-95D7056EF9A1}.Debug|Any CPU.ActiveCfg = Debug|Any CPU
		{7E359A18-611F-478C-AD5B-95D7056EF9A1}.Debug|Any CPU.Build.0 = Debug|Any CPU
		{7E359A18-611F-478C-AD5B-95D7056EF9A1}.Release|Any CPU.ActiveCfg = Release|Any CPU
		{7E359A18-611F-478C-AD5B-95D7056EF9A1}.Release|Any CPU.Build.0 = Release|Any CPU
	EndGlobalSection
	GlobalSection(SolutionProperties) = preSolution
		HideSolutionNode = FALSE
	EndGlobalSection
	GlobalSection(ExtensibilityGlobals) = postSolution
		SolutionGuid = {F762D694-55FC-4097-82F1-78FFD5C547D6}
	EndGlobalSection
EndGlobal
